github.com/gocarina/gocsv v0.0.0-20180809181117-b8c38cb1ba36/go.mod h1:/oj50ZdPq/cUjA02lMZhijk5kR31SEydKyqah1OgBuo=
github.com/gocarina/gocsv v0.0.0-20190313153828-c075544dca88 h1:5LpQh+LOxj+TkkgajWlWBlCeBagmKD+/i+IdA13XSlk=
github.com/gocarina/gocsv v0.0.0-20190313153828-c075544dca88/go.mod h1:/oj50ZdPq/cUjA02lMZhijk5kR31SEydKyqah1OgBuo=
github.com/google/go-querystring v0.0.0-20170111101155-53e6ce116135 h1:zLTLjkaOFEFIOxY5BWLFLwh+cL8vOBW4XJ2aqLE/Tf0=
github.com/google/go-querystring v0.0.0-20170111101155-53e6ce116135/go.mod h1:odCYkC5MyYFN7vkCjXpyrEuKhc/BUO6wN/zVPAxq5ck=
github.com/gorilla/websocket v1.4.0 h1:WDFjx/TMzVgy9VdMMQi2K2Emtwi2QcUQsztZ/zLaH/Q=
github.com/gorilla/websocket v1.4.0/go.mod h1:E7qHFY5m1UJ88s3WnNqhKjPHQ0heANvMoAMk2YaljkQ=
github.com/zerodhatech/gokiteconnect v0.0.0-20190402061139-d93140e589e1 h1:XBVIiF4tCemP/y/W1Q3Ca5AxbgXY7LWNHnCaOZ8Tk90=
github.com/zerodhatech/gokiteconnect v0.0.0-20190402061139-d93140e589e1/go.mod h1:bXbyB0ISUi+ffqcW+s4MnZO0UiUYSCoRT9BgjmntdQE=
gopkg.in/jarcoal/httpmock.v1 v1.0.0-20180719183105-8007e27cdb32/go.mod h1:d3R+NllX3X5e0zlG1Rful3uLvsGC/Q3OHut5464DEQw=
